// !$*UTF8*$!
{
	archiveVersion = 1;
	classes = {
	};
	objectVersion = 56;
	objects = {

/* Begin PBXBuildFile section */
		EB804B4F2BFFD26B00A57903 /* APButton.swift in Sources */ = {isa = PBXBuildFile; fileRef = EB804B4E2BFFD26B00A57903 /* APButton.swift */; };
		EB804B512BFFD33100A57903 /* XDismissButton.swift in Sources */ = {isa = PBXBuildFile; fileRef = EB804B502BFFD33100A57903 /* XDismissButton.swift */; };
		EB804B532BFFDBD800A57903 /* AccountViewModel.swift in Sources */ = {isa = PBXBuildFile; fileRef = EB804B522BFFDBD800A57903 /* AccountViewModel.swift */; };
		EB804B562BFFDDCB00A57903 /* String+Ext.swift in Sources */ = {isa = PBXBuildFile; fileRef = EB804B552BFFDDCB00A57903 /* String+Ext.swift */; };
		EB804B582BFFDF7800A57903 /* FormAlert.swift in Sources */ = {isa = PBXBuildFile; fileRef = EB804B572BFFDF7800A57903 /* FormAlert.swift */; };
		EBE5763B2BFF9C7000DDD560 /* LoadingView.swift in Sources */ = {isa = PBXBuildFile; fileRef = EBE5763A2BFF9C7000DDD560 /* LoadingView.swift */; };
		EBE5763F2BFFB1A600DDD560 /* RemoteImage.swift in Sources */ = {isa = PBXBuildFile; fileRef = EBE5763E2BFFB1A600DDD560 /* RemoteImage.swift */; };
		EBE5764E2BFFBC7F00DDD560 /* AppetizerDetailView.swift in Sources */ = {isa = PBXBuildFile; fileRef = EBE5764D2BFFBC7F00DDD560 /* AppetizerDetailView.swift */; };
		EBF0D0962BFE6B40002666F9 /* AppetizersApp.swift in Sources */ = {isa = PBXBuildFile; fileRef = EBF0D0952BFE6B40002666F9 /* AppetizersApp.swift */; };
		EBF0D0982BFE6B40002666F9 /* AppetizerTabView.swift in Sources */ = {isa = PBXBuildFile; fileRef = EBF0D0972BFE6B40002666F9 /* AppetizerTabView.swift */; };
		EBF0D09A2BFE6B40002666F9 /* Item.swift in Sources */ = {isa = PBXBuildFile; fileRef = EBF0D0992BFE6B40002666F9 /* Item.swift */; };
		EBF0D09C2BFE6B44002666F9 /* Assets.xcassets in Resources */ = {isa = PBXBuildFile; fileRef = EBF0D09B2BFE6B44002666F9 /* Assets.xcassets */; };
		EBF0D09F2BFE6B44002666F9 /* Preview Assets.xcassets in Resources */ = {isa = PBXBuildFile; fileRef = EBF0D09E2BFE6B44002666F9 /* Preview Assets.xcassets */; };
		EBF0D0A62BFE6C31002666F9 /* AppetizerListView.swift in Sources */ = {isa = PBXBuildFile; fileRef = EBF0D0A52BFE6C31002666F9 /* AppetizerListView.swift */; };
		EBF0D0A82BFE6C40002666F9 /* AccountView.swift in Sources */ = {isa = PBXBuildFile; fileRef = EBF0D0A72BFE6C40002666F9 /* AccountView.swift */; };
		EBF0D0AA2BFE6C51002666F9 /* OrderView.swift in Sources */ = {isa = PBXBuildFile; fileRef = EBF0D0A92BFE6C51002666F9 /* OrderView.swift */; };
		EBF0D0AC2BFE7B4A002666F9 /* Appetizer.swift in Sources */ = {isa = PBXBuildFile; fileRef = EBF0D0AB2BFE7B4A002666F9 /* Appetizer.swift */; };
		EBF0D0AE2BFE8519002666F9 /* AppetizerListCell.swift in Sources */ = {isa = PBXBuildFile; fileRef = EBF0D0AD2BFE8519002666F9 /* AppetizerListCell.swift */; };
		EBF0D0B02BFE861F002666F9 /* NetworkManager.swift in Sources */ = {isa = PBXBuildFile; fileRef = EBF0D0AF2BFE861F002666F9 /* NetworkManager.swift */; };
		EBF0D0B22BFE8742002666F9 /* APError.swift in Sources */ = {isa = PBXBuildFile; fileRef = EBF0D0B12BFE8742002666F9 /* APError.swift */; };
		EBF0D0B42BFE8FD7002666F9 /* AppetizerListViewModel.swift in Sources */ = {isa = PBXBuildFile; fileRef = EBF0D0B32BFE8FD7002666F9 /* AppetizerListViewModel.swift */; };
		EBF0D0B62BFE9254002666F9 /* Alert.swift in Sources */ = {isa = PBXBuildFile; fileRef = EBF0D0B52BFE9254002666F9 /* Alert.swift */; };
/* End PBXBuildFile section */

/* Begin PBXFileReference section */
		EB804B4E2BFFD26B00A57903 /* APButton.swift */ = {isa = PBXFileReference; lastKnownFileType = sourcecode.swift; path = APButton.swift; sourceTree = "<group>"; };
		EB804B502BFFD33100A57903 /* XDismissButton.swift */ = {isa = PBXFileReference; lastKnownFileType = sourcecode.swift; path = XDismissButton.swift; sourceTree = "<group>"; };
		EB804B522BFFDBD800A57903 /* AccountViewModel.swift */ = {isa = PBXFileReference; lastKnownFileType = sourcecode.swift; path = AccountViewModel.swift; sourceTree = "<group>"; };
		EB804B552BFFDDCB00A57903 /* String+Ext.swift */ = {isa = PBXFileReference; lastKnownFileType = sourcecode.swift; path = "String+Ext.swift"; sourceTree = "<group>"; };
		EB804B572BFFDF7800A57903 /* FormAlert.swift */ = {isa = PBXFileReference; lastKnownFileType = sourcecode.swift; path = FormAlert.swift; sourceTree = "<group>"; };
		EBE5763A2BFF9C7000DDD560 /* LoadingView.swift */ = {isa = PBXFileReference; lastKnownFileType = sourcecode.swift; path = LoadingView.swift; sourceTree = "<group>"; };
		EBE5763E2BFFB1A600DDD560 /* RemoteImage.swift */ = {isa = PBXFileReference; lastKnownFileType = sourcecode.swift; path = RemoteImage.swift; sourceTree = "<group>"; };
		EBE5764D2BFFBC7F00DDD560 /* AppetizerDetailView.swift */ = {isa = PBXFileReference; lastKnownFileType = sourcecode.swift; path = AppetizerDetailView.swift; sourceTree = "<group>"; };
		EBF0D0922BFE6B40002666F9 /* Appetizers.app */ = {isa = PBXFileReference; explicitFileType = wrapper.application; includeInIndex = 0; path = Appetizers.app; sourceTree = BUILT_PRODUCTS_DIR; };
		EBF0D0952BFE6B40002666F9 /* AppetizersApp.swift */ = {isa = PBXFileReference; lastKnownFileType = sourcecode.swift; path = AppetizersApp.swift; sourceTree = "<group>"; };
		EBF0D0972BFE6B40002666F9 /* AppetizerTabView.swift */ = {isa = PBXFileReference; lastKnownFileType = sourcecode.swift; path = AppetizerTabView.swift; sourceTree = "<group>"; };
		EBF0D0992BFE6B40002666F9 /* Item.swift */ = {isa = PBXFileReference; lastKnownFileType = sourcecode.swift; path = Item.swift; sourceTree = "<group>"; };
		EBF0D09B2BFE6B44002666F9 /* Assets.xcassets */ = {isa = PBXFileReference; lastKnownFileType = folder.assetcatalog; path = Assets.xcassets; sourceTree = "<group>"; };
		EBF0D09E2BFE6B44002666F9 /* Preview Assets.xcassets */ = {isa = PBXFileReference; lastKnownFileType = folder.assetcatalog; path = "Preview Assets.xcassets"; sourceTree = "<group>"; };
		EBF0D0A52BFE6C31002666F9 /* AppetizerListView.swift */ = {isa = PBXFileReference; lastKnownFileType = sourcecode.swift; path = AppetizerListView.swift; sourceTree = "<group>"; };
		EBF0D0A72BFE6C40002666F9 /* AccountView.swift */ = {isa = PBXFileReference; lastKnownFileType = sourcecode.swift; path = AccountView.swift; sourceTree = "<group>"; };
		EBF0D0A92BFE6C51002666F9 /* OrderView.swift */ = {isa = PBXFileReference; lastKnownFileType = sourcecode.swift; path = OrderView.swift; sourceTree = "<group>"; };
		EBF0D0AB2BFE7B4A002666F9 /* Appetizer.swift */ = {isa = PBXFileReference; lastKnownFileType = sourcecode.swift; path = Appetizer.swift; sourceTree = "<group>"; };
		EBF0D0AD2BFE8519002666F9 /* AppetizerListCell.swift */ = {isa = PBXFileReference; lastKnownFileType = sourcecode.swift; path = AppetizerListCell.swift; sourceTree = "<group>"; };
		EBF0D0AF2BFE861F002666F9 /* NetworkManager.swift */ = {isa = PBXFileReference; lastKnownFileType = sourcecode.swift; path = NetworkManager.swift; sourceTree = "<group>"; };
		EBF0D0B12BFE8742002666F9 /* APError.swift */ = {isa = PBXFileReference; lastKnownFileType = sourcecode.swift; path = APError.swift; sourceTree = "<group>"; };
		EBF0D0B32BFE8FD7002666F9 /* AppetizerListViewModel.swift */ = {isa = PBXFileReference; lastKnownFileType = sourcecode.swift; path = AppetizerListViewModel.swift; sourceTree = "<group>"; };
		EBF0D0B52BFE9254002666F9 /* Alert.swift */ = {isa = PBXFileReference; lastKnownFileType = sourcecode.swift; path = Alert.swift; sourceTree = "<group>"; };
/* End PBXFileReference section */

/* Begin PBXFrameworksBuildPhase section */
		EBF0D08F2BFE6B40002666F9 /* Frameworks */ = {
			isa = PBXFrameworksBuildPhase;
			buildActionMask = 2147483647;
			files = (
			);
			runOnlyForDeploymentPostprocessing = 0;
		};
/* End PBXFrameworksBuildPhase section */

/* Begin PBXGroup section */
		EB804B4D2BFFD24F00A57903 /* Buttons */ = {
			isa = PBXGroup;
			children = (
				EB804B4E2BFFD26B00A57903 /* APButton.swift */,
				EB804B502BFFD33100A57903 /* XDismissButton.swift */,
			);
			path = Buttons;
			sourceTree = "<group>";
		};
		EB804B542BFFDDAC00A57903 /* Extensions */ = {
			isa = PBXGroup;
			children = (
				EB804B552BFFDDCB00A57903 /* String+Ext.swift */,
			);
			path = Extensions;
			sourceTree = "<group>";
		};
		EBE576402BFFB8B800DDD560 /* Screens */ = {
			isa = PBXGroup;
			children = (
				EBF0D0972BFE6B40002666F9 /* AppetizerTabView.swift */,
				EBE576412BFFB8DA00DDD560 /* AppetizerListView */,
				EBE576422BFFB8E700DDD560 /* AccountView */,
				EBE576432BFFB8F000DDD560 /* OrderView */,
			);
			path = Screens;
			sourceTree = "<group>";
		};
		EBE576412BFFB8DA00DDD560 /* AppetizerListView */ = {
			isa = PBXGroup;
			children = (
				EBF0D0B32BFE8FD7002666F9 /* AppetizerListViewModel.swift */,
				EBF0D0A52BFE6C31002666F9 /* AppetizerListView.swift */,
			);
			path = AppetizerListView;
			sourceTree = "<group>";
		};
		EBE576422BFFB8E700DDD560 /* AccountView */ = {
			isa = PBXGroup;
			children = (
				EBF0D0A72BFE6C40002666F9 /* AccountView.swift */,
				EB804B522BFFDBD800A57903 /* AccountViewModel.swift */,
			);
			path = AccountView;
			sourceTree = "<group>";
		};
		EBE576432BFFB8F000DDD560 /* OrderView */ = {
			isa = PBXGroup;
			children = (
				EBF0D0A92BFE6C51002666F9 /* OrderView.swift */,
			);
			path = OrderView;
			sourceTree = "<group>";
		};
		EBE576442BFFB95500DDD560 /* Utilities */ = {
			isa = PBXGroup;
			children = (
				EB804B542BFFDDAC00A57903 /* Extensions */,
				EBE576472BFFB99D00DDD560 /* Alerts */,
				EBE576452BFFB96000DDD560 /* Managers */,
			);
			path = Utilities;
			sourceTree = "<group>";
		};
		EBE576452BFFB96000DDD560 /* Managers */ = {
			isa = PBXGroup;
			children = (
				EBF0D0AF2BFE861F002666F9 /* NetworkManager.swift */,
			);
			path = Managers;
			sourceTree = "<group>";
		};
		EBE576472BFFB99D00DDD560 /* Alerts */ = {
			isa = PBXGroup;
			children = (
				EBF0D0B12BFE8742002666F9 /* APError.swift */,
				EBF0D0B52BFE9254002666F9 /* Alert.swift */,
				EB804B572BFFDF7800A57903 /* FormAlert.swift */,
			);
			path = Alerts;
			sourceTree = "<group>";
		};
		EBE576482BFFB9D900DDD560 /* Model */ = {
			isa = PBXGroup;
			children = (
				EBF0D0AB2BFE7B4A002666F9 /* Appetizer.swift */,
			);
			path = Model;
			sourceTree = "<group>";
		};
		EBE576492BFFBA1B00DDD560 /* Views */ = {
			isa = PBXGroup;
			children = (
				EB804B4D2BFFD24F00A57903 /* Buttons */,
				EBE5764C2BFFBA4600DDD560 /* Image */,
				EBE5764B2BFFBA3B00DDD560 /* Cells */,
				EBE5764A2BFFBA2B00DDD560 /* UIKit Components */,
			);
			path = Views;
			sourceTree = "<group>";
		};
		EBE5764A2BFFBA2B00DDD560 /* UIKit Components */ = {
			isa = PBXGroup;
			children = (
				EBE5763A2BFF9C7000DDD560 /* LoadingView.swift */,
			);
			path = "UIKit Components";
			sourceTree = "<group>";
		};
		EBE5764B2BFFBA3B00DDD560 /* Cells */ = {
			isa = PBXGroup;
			children = (
				EBF0D0AD2BFE8519002666F9 /* AppetizerListCell.swift */,
			);
			path = Cells;
			sourceTree = "<group>";
		};
		EBE5764C2BFFBA4600DDD560 /* Image */ = {
			isa = PBXGroup;
			children = (
				EBE5763E2BFFB1A600DDD560 /* RemoteImage.swift */,
			);
			path = Image;
			sourceTree = "<group>";
		};
		EBF0D0892BFE6B40002666F9 = {
			isa = PBXGroup;
			children = (
				EBF0D0942BFE6B40002666F9 /* Appetizers */,
				EBF0D0932BFE6B40002666F9 /* Products */,
			);
			sourceTree = "<group>";
		};
		EBF0D0932BFE6B40002666F9 /* Products */ = {
			isa = PBXGroup;
			children = (
				EBF0D0922BFE6B40002666F9 /* Appetizers.app */,
			);
			name = Products;
			sourceTree = "<group>";
		};
		EBF0D0942BFE6B40002666F9 /* Appetizers */ = {
			isa = PBXGroup;
			children = (
				EBE576492BFFBA1B00DDD560 /* Views */,
				EBE576482BFFB9D900DDD560 /* Model */,
				EBE576442BFFB95500DDD560 /* Utilities */,
				EBE576402BFFB8B800DDD560 /* Screens */,
				EBF0D0952BFE6B40002666F9 /* AppetizersApp.swift */,
				EBF0D0992BFE6B40002666F9 /* Item.swift */,
				EBF0D09B2BFE6B44002666F9 /* Assets.xcassets */,
				EBF0D09D2BFE6B44002666F9 /* Preview Content */,
				EBE5764D2BFFBC7F00DDD560 /* AppetizerDetailView.swift */,
			);
			path = Appetizers;
			sourceTree = "<group>";
		};
		EBF0D09D2BFE6B44002666F9 /* Preview Content */ = {
			isa = PBXGroup;
			children = (
				EBF0D09E2BFE6B44002666F9 /* Preview Assets.xcassets */,
			);
			path = "Preview Content";
			sourceTree = "<group>";
		};
/* End PBXGroup section */

/* Begin PBXNativeTarget section */
		EBF0D0912BFE6B40002666F9 /* Appetizers */ = {
			isa = PBXNativeTarget;
			buildConfigurationList = EBF0D0A22BFE6B44002666F9 /* Build configuration list for PBXNativeTarget "Appetizers" */;
			buildPhases = (
				EBF0D08E2BFE6B40002666F9 /* Sources */,
				EBF0D08F2BFE6B40002666F9 /* Frameworks */,
				EBF0D0902BFE6B40002666F9 /* Resources */,
			);
			buildRules = (
			);
			dependencies = (
			);
			name = Appetizers;
			productName = Appetizers;
			productReference = EBF0D0922BFE6B40002666F9 /* Appetizers.app */;
			productType = "com.apple.product-type.application";
		};
/* End PBXNativeTarget section */

/* Begin PBXProject section */
		EBF0D08A2BFE6B40002666F9 /* Project object */ = {
			isa = PBXProject;
			attributes = {
				BuildIndependentTargetsInParallel = 1;
				LastSwiftUpdateCheck = 1520;
				LastUpgradeCheck = 1520;
				TargetAttributes = {
					EBF0D0912BFE6B40002666F9 = {
						CreatedOnToolsVersion = 15.2;
					};
				};
			};
			buildConfigurationList = EBF0D08D2BFE6B40002666F9 /* Build configuration list for PBXProject "Appetizers" */;
			compatibilityVersion = "Xcode 14.0";
			developmentRegion = en;
			hasScannedForEncodings = 0;
			knownRegions = (
				en,
				Base,
			);
			mainGroup = EBF0D0892BFE6B40002666F9;
			productRefGroup = EBF0D0932BFE6B40002666F9 /* Products */;
			projectDirPath = "";
			projectRoot = "";
			targets = (
				EBF0D0912BFE6B40002666F9 /* Appetizers */,
			);
		};
/* End PBXProject section */

/* Begin PBXResourcesBuildPhase section */
		EBF0D0902BFE6B40002666F9 /* Resources */ = {
			isa = PBXResourcesBuildPhase;
			buildActionMask = 2147483647;
			files = (
				EBF0D09F2BFE6B44002666F9 /* Preview Assets.xcassets in Resources */,
				EBF0D09C2BFE6B44002666F9 /* Assets.xcassets in Resources */,
			);
			runOnlyForDeploymentPostprocessing = 0;
		};
/* End PBXResourcesBuildPhase section */

/* Begin PBXSourcesBuildPhase section */
		EBF0D08E2BFE6B40002666F9 /* Sources */ = {
			isa = PBXSourcesBuildPhase;
			buildActionMask = 2147483647;
			files = (
				EBF0D0B02BFE861F002666F9 /* NetworkManager.swift in Sources */,
				EBF0D0982BFE6B40002666F9 /* AppetizerTabView.swift in Sources */,
				EB804B512BFFD33100A57903 /* XDismissButton.swift in Sources */,
				EBF0D0A62BFE6C31002666F9 /* AppetizerListView.swift in Sources */,
				EB804B532BFFDBD800A57903 /* AccountViewModel.swift in Sources */,
				EBF0D0AE2BFE8519002666F9 /* AppetizerListCell.swift in Sources */,
				EBF0D09A2BFE6B40002666F9 /* Item.swift in Sources */,
				EBF0D0B22BFE8742002666F9 /* APError.swift in Sources */,
				EB804B4F2BFFD26B00A57903 /* APButton.swift in Sources */,
				EBF0D0B62BFE9254002666F9 /* Alert.swift in Sources */,
				EBF0D0AA2BFE6C51002666F9 /* OrderView.swift in Sources */,
				EBF0D0AC2BFE7B4A002666F9 /* Appetizer.swift in Sources */,
				EBE5763F2BFFB1A600DDD560 /* RemoteImage.swift in Sources */,
				EB804B562BFFDDCB00A57903 /* String+Ext.swift in Sources */,
				EB804B582BFFDF7800A57903 /* FormAlert.swift in Sources */,
				EBE5764E2BFFBC7F00DDD560 /* AppetizerDetailView.swift in Sources */,
				EBF0D0B42BFE8FD7002666F9 /* AppetizerListViewModel.swift in Sources */,
				EBF0D0962BFE6B40002666F9 /* AppetizersApp.swift in Sources */,
				EBE5763B2BFF9C7000DDD560 /* LoadingView.swift in Sources */,
				EBF0D0A82BFE6C40002666F9 /* AccountView.swift in Sources */,
			);
			runOnlyForDeploymentPostprocessing = 0;
		};
/* End PBXSourcesBuildPhase section */

/* Begin XCBuildConfiguration section */
		EBF0D0A02BFE6B44002666F9 /* Debug */ = {
			isa = XCBuildConfiguration;
			buildSettings = {
				ALWAYS_SEARCH_USER_PATHS = NO;
				ASSETCATALOG_COMPILER_GENERATE_SWIFT_ASSET_SYMBOL_EXTENSIONS = YES;
				CLANG_ANALYZER_NONNULL = YES;
				CLANG_ANALYZER_NUMBER_OBJECT_CONVERSION = YES_AGGRESSIVE;
				CLANG_CXX_LANGUAGE_STANDARD = "gnu++20";
				CLANG_ENABLE_MODULES = YES;
				CLANG_ENABLE_OBJC_ARC = YES;
				CLANG_ENABLE_OBJC_WEAK = YES;
				CLANG_WARN_BLOCK_CAPTURE_AUTORELEASING = YES;
				CLANG_WARN_BOOL_CONVERSION = YES;
				CLANG_WARN_COMMA = YES;
				CLANG_WARN_CONSTANT_CONVERSION = YES;
				CLANG_WARN_DEPRECATED_OBJC_IMPLEMENTATIONS = YES;
				CLANG_WARN_DIRECT_OBJC_ISA_USAGE = YES_ERROR;
				CLANG_WARN_DOCUMENTATION_COMMENTS = YES;
				CLANG_WARN_EMPTY_BODY = YES;
				CLANG_WARN_ENUM_CONVERSION = YES;
				CLANG_WARN_INFINITE_RECURSION = YES;
				CLANG_WARN_INT_CONVERSION = YES;
				CLANG_WARN_NON_LITERAL_NULL_CONVERSION = YES;
				CLANG_WARN_OBJC_IMPLICIT_RETAIN_SELF = YES;
				CLANG_WARN_OBJC_LITERAL_CONVERSION = YES;
				CLANG_WARN_OBJC_ROOT_CLASS = YES_ERROR;
				CLANG_WARN_QUOTED_INCLUDE_IN_FRAMEWORK_HEADER = YES;
				CLANG_WARN_RANGE_LOOP_ANALYSIS = YES;
				CLANG_WARN_STRICT_PROTOTYPES = YES;
				CLANG_WARN_SUSPICIOUS_MOVE = YES;
				CLANG_WARN_UNGUARDED_AVAILABILITY = YES_AGGRESSIVE;
				CLANG_WARN_UNREACHABLE_CODE = YES;
				CLANG_WARN__DUPLICATE_METHOD_MATCH = YES;
				COPY_PHASE_STRIP = NO;
				DEBUG_INFORMATION_FORMAT = dwarf;
				ENABLE_STRICT_OBJC_MSGSEND = YES;
				ENABLE_TESTABILITY = YES;
				ENABLE_USER_SCRIPT_SANDBOXING = YES;
				GCC_C_LANGUAGE_STANDARD = gnu17;
				GCC_DYNAMIC_NO_PIC = NO;
				GCC_NO_COMMON_BLOCKS = YES;
				GCC_OPTIMIZATION_LEVEL = 0;
				GCC_PREPROCESSOR_DEFINITIONS = (
					"DEBUG=1",
					"$(inherited)",
				);
				GCC_WARN_64_TO_32_BIT_CONVERSION = YES;
				GCC_WARN_ABOUT_RETURN_TYPE = YES_ERROR;
				GCC_WARN_UNDECLARED_SELECTOR = YES;
				GCC_WARN_UNINITIALIZED_AUTOS = YES_AGGRESSIVE;
				GCC_WARN_UNUSED_FUNCTION = YES;
				GCC_WARN_UNUSED_VARIABLE = YES;
				IPHONEOS_DEPLOYMENT_TARGET = 17.2;
				LOCALIZATION_PREFERS_STRING_CATALOGS = YES;
				MTL_ENABLE_DEBUG_INFO = INCLUDE_SOURCE;
				MTL_FAST_MATH = YES;
				ONLY_ACTIVE_ARCH = YES;
				SDKROOT = iphoneos;
				SWIFT_ACTIVE_COMPILATION_CONDITIONS = "DEBUG $(inherited)";
				SWIFT_OPTIMIZATION_LEVEL = "-Onone";
			};
			name = Debug;
		};
		EBF0D0A12BFE6B44002666F9 /* Release */ = {
			isa = XCBuildConfiguration;
			buildSettings = {
				ALWAYS_SEARCH_USER_PATHS = NO;
				ASSETCATALOG_COMPILER_GENERATE_SWIFT_ASSET_SYMBOL_EXTENSIONS = YES;
				CLANG_ANALYZER_NONNULL = YES;
				CLANG_ANALYZER_NUMBER_OBJECT_CONVERSION = YES_AGGRESSIVE;
				CLANG_CXX_LANGUAGE_STANDARD = "gnu++20";
				CLANG_ENABLE_MODULES = YES;
				CLANG_ENABLE_OBJC_ARC = YES;
				CLANG_ENABLE_OBJC_WEAK = YES;
				CLANG_WARN_BLOCK_CAPTURE_AUTORELEASING = YES;
				CLANG_WARN_BOOL_CONVERSION = YES;
				CLANG_WARN_COMMA = YES;
				CLANG_WARN_CONSTANT_CONVERSION = YES;
				CLANG_WARN_DEPRECATED_OBJC_IMPLEMENTATIONS = YES;
				CLANG_WARN_DIRECT_OBJC_ISA_USAGE = YES_ERROR;
				CLANG_WARN_DOCUMENTATION_COMMENTS = YES;
				CLANG_WARN_EMPTY_BODY = YES;
				CLANG_WARN_ENUM_CONVERSION = YES;
				CLANG_WARN_INFINITE_RECURSION = YES;
				CLANG_WARN_INT_CONVERSION = YES;
				CLANG_WARN_NON_LITERAL_NULL_CONVERSION = YES;
				CLANG_WARN_OBJC_IMPLICIT_RETAIN_SELF = YES;
				CLANG_WARN_OBJC_LITERAL_CONVERSION = YES;
				CLANG_WARN_OBJC_ROOT_CLASS = YES_ERROR;
				CLANG_WARN_QUOTED_INCLUDE_IN_FRAMEWORK_HEADER = YES;
				CLANG_WARN_RANGE_LOOP_ANALYSIS = YES;
				CLANG_WARN_STRICT_PROTOTYPES = YES;
				CLANG_WARN_SUSPICIOUS_MOVE = YES;
				CLANG_WARN_UNGUARDED_AVAILABILITY = YES_AGGRESSIVE;
				CLANG_WARN_UNREACHABLE_CODE = YES;
				CLANG_WARN__DUPLICATE_METHOD_MATCH = YES;
				COPY_PHASE_STRIP = NO;
				DEBUG_INFORMATION_FORMAT = "dwarf-with-dsym";
				ENABLE_NS_ASSERTIONS = NO;
				ENABLE_STRICT_OBJC_MSGSEND = YES;
				ENABLE_USER_SCRIPT_SANDBOXING = YES;
				GCC_C_LANGUAGE_STANDARD = gnu17;
				GCC_NO_COMMON_BLOCKS = YES;
				GCC_WARN_64_TO_32_BIT_CONVERSION = YES;
				GCC_WARN_ABOUT_RETURN_TYPE = YES_ERROR;
				GCC_WARN_UNDECLARED_SELECTOR = YES;
				GCC_WARN_UNINITIALIZED_AUTOS = YES_AGGRESSIVE;
				GCC_WARN_UNUSED_FUNCTION = YES;
				GCC_WARN_UNUSED_VARIABLE = YES;
				IPHONEOS_DEPLOYMENT_TARGET = 17.2;
				LOCALIZATION_PREFERS_STRING_CATALOGS = YES;
				MTL_ENABLE_DEBUG_INFO = NO;
				MTL_FAST_MATH = YES;
				SDKROOT = iphoneos;
				SWIFT_COMPILATION_MODE = wholemodule;
				VALIDATE_PRODUCT = YES;
			};
			name = Release;
		};
		EBF0D0A32BFE6B44002666F9 /* Debug */ = {
			isa = XCBuildConfiguration;
			buildSettings = {
				ASSETCATALOG_COMPILER_APPICON_NAME = AppIcon;
				ASSETCATALOG_COMPILER_GLOBAL_ACCENT_COLOR_NAME = AccentColor;
				CODE_SIGN_STYLE = Automatic;
				CURRENT_PROJECT_VERSION = 1;
				DEVELOPMENT_ASSET_PATHS = "\"Appetizers/Preview Content\"";
				DEVELOPMENT_TEAM = WLLWM72FYA;
				ENABLE_PREVIEWS = YES;
				GENERATE_INFOPLIST_FILE = YES;
				INFOPLIST_KEY_UIApplicationSceneManifest_Generation = YES;
				INFOPLIST_KEY_UIApplicationSupportsIndirectInputEvents = YES;
				INFOPLIST_KEY_UILaunchScreen_Generation = YES;
				INFOPLIST_KEY_UISupportedInterfaceOrientations_iPad = "UIInterfaceOrientationPortrait UIInterfaceOrientationPortraitUpsideDown UIInterfaceOrientationLandscapeLeft UIInterfaceOrientationLandscapeRight";
				INFOPLIST_KEY_UISupportedInterfaceOrientations_iPhone = "UIInterfaceOrientationPortrait UIInterfaceOrientationLandscapeLeft UIInterfaceOrientationLandscapeRight";
				LD_RUNPATH_SEARCH_PATHS = (
					"$(inherited)",
					"@executable_path/Frameworks",
				);
				MARKETING_VERSION = 1.0;
				PRODUCT_BUNDLE_IDENTIFIER = simone.mayers.Appetizers;
				PRODUCT_NAME = "$(TARGET_NAME)";
				SWIFT_EMIT_LOC_STRINGS = YES;
				SWIFT_VERSION = 5.0;
				TARGETED_DEVICE_FAMILY = "1,2";
			};
			name = Debug;
		};
		EBF0D0A42BFE6B44002666F9 /* Release */ = {
			isa = XCBuildConfiguration;
			buildSettings = {
				ASSETCATALOG_COMPILER_APPICON_NAME = AppIcon;
				ASSETCATALOG_COMPILER_GLOBAL_ACCENT_COLOR_NAME = AccentColor;
				CODE_SIGN_STYLE = Automatic;
				CURRENT_PROJECT_VERSION = 1;
				DEVELOPMENT_ASSET_PATHS = "\"Appetizers/Preview Content\"";
				DEVELOPMENT_TEAM = WLLWM72FYA;
				ENABLE_PREVIEWS = YES;
				GENERATE_INFOPLIST_FILE = YES;
				INFOPLIST_KEY_UIApplicationSceneManifest_Generation = YES;
				INFOPLIST_KEY_UIApplicationSupportsIndirectInputEvents = YES;
				INFOPLIST_KEY_UILaunchScreen_Generation = YES;
				INFOPLIST_KEY_UISupportedInterfaceOrientations_iPad = "UIInterfaceOrientationPortrait UIInterfaceOrientationPortraitUpsideDown UIInterfaceOrientationLandscapeLeft UIInterfaceOrientationLandscapeRight";
				INFOPLIST_KEY_UISupportedInterfaceOrientations_iPhone = "UIInterfaceOrientationPortrait UIInterfaceOrientationLandscapeLeft UIInterfaceOrientationLandscapeRight";
				LD_RUNPATH_SEARCH_PATHS = (
					"$(inherited)",
					"@executable_path/Frameworks",
				);
				MARKETING_VERSION = 1.0;
				PRODUCT_BUNDLE_IDENTIFIER = simone.mayers.Appetizers;
				PRODUCT_NAME = "$(TARGET_NAME)";
				SWIFT_EMIT_LOC_STRINGS = YES;
				SWIFT_VERSION = 5.0;
				TARGETED_DEVICE_FAMILY = "1,2";
			};
			name = Release;
		};
/* End XCBuildConfiguration section */

/* Begin XCConfigurationList section */
		EBF0D08D2BFE6B40002666F9 /* Build configuration list for PBXProject "Appetizers" */ = {
			isa = XCConfigurationList;
			buildConfigurations = (
				EBF0D0A02BFE6B44002666F9 /* Debug */,
				EBF0D0A12BFE6B44002666F9 /* Release */,
			);
			defaultConfigurationIsVisible = 0;
			defaultConfigurationName = Release;
		};
		EBF0D0A22BFE6B44002666F9 /* Build configuration list for PBXNativeTarget "Appetizers" */ = {
			isa = XCConfigurationList;
			buildConfigurations = (
				EBF0D0A32BFE6B44002666F9 /* Debug */,
				EBF0D0A42BFE6B44002666F9 /* Release */,
			);
			defaultConfigurationIsVisible = 0;
			defaultConfigurationName = Release;
		};
/* End XCConfigurationList section */
	};
	rootObject = EBF0D08A2BFE6B40002666F9 /* Project object */;
}
